{
  "name": "docs",
  "lockfileVersion": 2,
  "requires": true,
  "packages": {
    "": {
      "dependencies": {
        "@vismaux/nordic-cool": "^4.11.0"
      }
    },
    "node_modules/@popperjs/core": {
      "version": "2.11.0",
      "resolved": "https://registry.npmjs.org/@popperjs/core/-/core-2.11.0.tgz",
      "integrity": "sha512-zrsUxjLOKAzdewIDRWy9nsV1GQsKBCWaGwsZQlCgr6/q+vjyZhFgqedLfFBuI9anTPEUT4APq9Mu0SZBTzIcGQ==",
      "funding": {
        "type": "opencollective",
        "url": "https://opencollective.com/popperjs"
      }
    },
    "node_modules/@vismaux/nordic-cool": {
      "version": "4.11.0",
      "resolved": "https://registry.npmjs.org/@vismaux/nordic-cool/-/nordic-cool-4.11.0.tgz",
      "integrity": "sha512-/CLGM1gZ4UfwzzYUbrsZMpYOMffy8qYNztSDmMiGMry/CyAIW2/8fPH4htzQ4v6FIbvz1mSVY/4Ou4CnzaDGWA==",
      "dependencies": {
        "@popperjs/core": "^2.9.2"
      }
    }
  },
  "dependencies": {
    "@popperjs/core": {
      "version": "2.11.0",
      "resolved": "https://registry.npmjs.org/@popperjs/core/-/core-2.11.0.tgz",
      "integrity": "sha512-zrsUxjLOKAzdewIDRWy9nsV1GQsKBCWaGwsZQlCgr6/q+vjyZhFgqedLfFBuI9anTPEUT4APq9Mu0SZBTzIcGQ=="
    },
    "@vismaux/nordic-cool": {
      "version": "4.11.0",
      "resolved": "https://registry.npmjs.org/@vismaux/nordic-cool/-/nordic-cool-4.11.0.tgz",
      "integrity": "sha512-/CLGM1gZ4UfwzzYUbrsZMpYOMffy8qYNztSDmMiGMry/CyAIW2/8fPH4htzQ4v6FIbvz1mSVY/4Ou4CnzaDGWA==",
      "requires": {
        "@popperjs/core": "^2.9.2"
      }
    }
  }
}
